
Microsoft Visual Studio Solution File, Format Version 12.00
# Visual Studio Version 16
VisualStudioVersion = 16.0.31729.503
MinimumVisualStudioVersion = 10.0.40219.1
Project("{FAE04EC0-301F-11D3-BF4B-00C04F79EFBC}") = "GenericsMax", "GenericsMax\GenericsMax.csproj", "{9607FABB-63EA-4D29-B1BE-CAC57669997E}"
EndProject
Global
	GlobalSection(SolutionConfigurationPlatforms) = preSolution
		Debug|Any CPU = Debug|Any CPU
		Release|Any CPU = Release|Any CPU
	EndGlobalSection
	GlobalSection(ProjectConfigurationPlatforms) = postSolution
		{9607FABB-63EA-4D29-B1BE-CAC57669997E}.Debug|Any CPU.ActiveCfg = Debug|Any CPU
		{9607FABB-63EA-4D29-B1BE-CAC57669997E}.Debug|Any CPU.Build.0 = Debug|Any CPU
		{9607FABB-63EA-4D29-B1BE-CAC57669997E}.Release|Any CPU.ActiveCfg = Release|Any CPU
		{9607FABB-63EA-4D29-B1BE-CAC57669997E}.Release|Any CPU.Build.0 = Release|Any CPU
	EndGlobalSection
	GlobalSection(SolutionProperties) = preSolution
		HideSolutionNode = FALSE
	EndGlobalSection
	GlobalSection(ExtensibilityGlobals) = postSolution
		SolutionGuid = {E4A5501B-CAAF-40A1-BBF5-A7728A7F288B}
	EndGlobalSection
EndGlobal
